{
  "version": 4,
  "terraform_version": "0.13.5",
  "serial": 112,
  "lineage": "8c6e7a00-f851-2917-3014-64ae5f5693f6",
  "outputs": {
    "zbx_aio_public_ip": {
      "value": "152.67.52.218",
      "type": "string"
    }
  },
  "resources": [
    {
      "mode": "data",
      "type": "oci_identity_availability_domain",
      "name": "ad",
      "provider": "provider[\"registry.terraform.io/hashicorp/oci\"]",
      "instances": [
        {
          "schema_version": 0,
          "attributes": {
            "ad_number": 1,
            "compartment_id": "ocid1.tenancy.oc1..aaaaaaaai3gvat2s6sbcaocyo4qxqsicdsq7aubmolje53sz32usjqpwrzqa",
            "id": "ocid1.availabilitydomain.oc1..aaaaaaaay5nesbty7quxigdwtp7axotkcglzi43jvfrnwvbv4dgjerqwxf5a",
            "name": "fcuu:SA-SAOPAULO-1-AD-1"
          }
        }
      ]
    },
    {
      "mode": "managed",
      "type": "oci_core_instance",
      "name": "zbx_frontend",
      "provider": "provider[\"registry.terraform.io/hashicorp/oci\"]",
      "instances": [
        {
          "schema_version": 0,
          "attributes": {
            "agent_config": [
              {
                "is_management_disabled": false,
                "is_monitoring_disabled": false
              }
            ],
            "availability_config": [
              {
                "recovery_action": "RESTORE_INSTANCE"
              }
            ],
            "availability_domain": "fcuu:SA-SAOPAULO-1-AD-1",
            "boot_volume_id": "ocid1.bootvolume.oc1.sa-saopaulo-1.abtxeljroxnwmbpy2tqf6jfpln2bryzdrhv5tr7aayflu3z7yjoh5xovgq7q",
            "compartment_id": "ocid1.compartment.oc1..aaaaaaaadre42kptwxx5jacrgjf6b5a33qavo7sowethaopbbcnqz2p532oa",
            "create_vnic_details": [
              {
                "assign_public_ip": "true",
                "defined_tags": {
                  "Oracle-Tags.CreatedBy": "denis.os@gmail.com",
                  "Oracle-Tags.CreatedOn": "2020-11-16T18:34:04.907Z"
                },
                "display_name": "primaryvnic",
                "freeform_tags": {},
                "hostname_label": "zbxfrontend",
                "nsg_ids": null,
                "private_ip": "10.1.20.4",
                "skip_source_dest_check": false,
                "subnet_id": "ocid1.subnet.oc1.sa-saopaulo-1.aaaaaaaakutocbuze2yyabgvx4lwq7qu75ejtoge3ncooueczl6sv2oslpuq",
                "vlan_id": ""
              }
            ],
            "dedicated_vm_host_id": null,
            "defined_tags": {
              "Oracle-Tags.CreatedBy": "denis.os@gmail.com",
              "Oracle-Tags.CreatedOn": "2020-11-16T18:34:04.639Z"
            },
            "display_name": "zbx_frontend",
            "extended_metadata": null,
            "fault_domain": "FAULT-DOMAIN-2",
            "freeform_tags": {},
            "hostname_label": "zbxfrontend",
            "id": "ocid1.instance.oc1.sa-saopaulo-1.antxeljr527wpsqcdvfxfghnskux6urodj2s5ohwqpodrwo7boxsxqljiuaa",
            "image": "ocid1.image.oc1.sa-saopaulo-1.aaaaaaaa6wbujcvvdzq7kn7oadku6ysscxgsoacvcbp2an7cyzuoxlzy3teq",
            "instance_options": [
              {
                "are_legacy_imds_endpoints_disabled": false
              }
            ],
            "ipxe_script": null,
            "is_pv_encryption_in_transit_enabled": null,
            "launch_mode": "PARAVIRTUALIZED",
            "launch_options": [
              {
                "boot_volume_type": "PARAVIRTUALIZED",
                "firmware": "UEFI_64",
                "is_consistent_volume_naming_enabled": true,
                "is_pv_encryption_in_transit_enabled": false,
                "network_type": "PARAVIRTUALIZED",
                "remote_data_volume_type": "PARAVIRTUALIZED"
              }
            ],
            "metadata": {
              "ssh_authorized_keys": "ssh-rsa AAAAB3NzaC1yc2EAAAABJQAAAQEAotNqnL+73iXTMqI5hjVlzDN3pfccGiuHUaitr2yGspE1QdMknv5Aq8NBMoX7ZDvKyAznQgJ/sT9D+STGYtmtYAZ4OP2YJ98IjQJT0GyvgmweIW+RcQBOlNheDJ1wIRB048LSeRuhrIJ9mkXL6zYHYjI13rRZnh+YNraIZ86CPofJ6InOUhaSwLdNpufKnnmAxQpXpQCLkgdgzcmbXfm8HWRBxzuj0JT/2IbOnEefeHck8MjGMPpW9kV+QPMLOjvB3QFdIJ6hWfyBObRpscbfI/Oq3+bqUj2QpWxfaeJRUUEBcNK6/j6ljgarKzij4YakpPnlV7C6xgO+lHf6Df9ByQ== rsa-key-20201028",
              "user_data": "IyEvYmluL2Jhc2gNCiNvdXRwdXQ6IHsgYWxsOiAifCB0ZWUgLWEgL3Zhci9sb2cvY2xvdWQtaW5pdC1vdXRwdXQubG9nIiB9DQojZXhlYyA+ID4odGVlIC92YXIvbG9nL3VzZXItZGF0YS5sb2d8bG9nZ2VyIC10IHVzZXItZGF0YSAtcyAyPi9kZXYvY29uc29sZSkgMj4mMQ0KDQpzdWRvIHRpbWVkYXRlY3RsIHNldC10aW1lem9uZSBBbWVyaWNhL1Nhb19QYXVsbw0KZWNobyAiIyMjIyMjIyMjIyBkYXRhICMjIyMjIyMjIyMjIyMjIyINCmRhdGUNCg0KZWNobyAiIyMjIyMjIyMjIyB5dW0gdXBkYXRlIGFsbCAjIyMjIyMjIyMjIyMjIyMiDQp5dW0gdXBkYXRlIC15DQoNCnN1ZG8geXVtIGluc3RhbGwgLXkgbmV0LXRvb2xzIHZpbSBuYW5vIGVwZWwtcmVsZWFzZSB3Z2V0IGN1cmwgdGNwZHVtcCBjaHJvbnkgZXhwZWN0DQplY2hvICIjIyMjIyMjIyMjIGFwcHMgaW5zdGFsYWRvcyAjIyMjIyMjIyMjIyMjIyMiDQoNCiMjIENvbmZpZ3VyZSBvIGNocm9ueSAoTlRQKSBwYXJhIGNvcnJpZ2lyIGRhdGEgZSBob3JhDQpzeXN0ZW1jdGwgZW5hYmxlIC0tbm93IGNocm9ueWQNCmNocm9ueWMgc291cmNlcw0Kc2VydmljZSBjaHJvbnlkIHJlc3RhcnQNCm50cGRhdGUNCg0KIyMgRGVzYWJpbGl0YXIgU0VMSU5VWA0Kc2VkIC1pICdzL1NFTElOVVg9ZW5mb3JjaW5nL1NFTElOVVg9cGVybWlzc2l2ZSAvZycgL2V0Yy9zZWxpbnV4L2NvbmZpZw0Kc2V0ZW5mb3JjZSAwDQoNCiMjIEluc3RhbGFuZG8gTXlTUUwNCnJwbSAtVXZoIGh0dHBzOi8vcmVwby5teXNxbC5jb20vbXlzcWw4MC1jb21tdW5pdHktcmVsZWFzZS1lbDctMy5ub2FyY2gucnBtDQoNCnN1ZG8geXVtIC15IGluc3RhbGwgbXlzcWwtc2VydmVyDQpzeXN0ZW1jdGwgZW5hYmxlIC0tbm93IG15c3FsZA0Kc3lzdGVtY3RsIHN0YXR1cyBteXNxbGQNCg0KbXlzcWxyb290PSQoZ3JlcCAndGVtcG9yYXJ5IHBhc3N3b3JkJyAvdmFyL2xvZy9teXNxbGQubG9nIHwgYXdrIC1GJyAnICd7cHJpbnQgJDEzfScpDQoNCm15c3FsaW5zdGFsbD0kKGV4cGVjdCAtYyAiDQogIHNwYXduIC1pZ25vcmUgSFVQIG15c3FsX3NlY3VyZV9pbnN0YWxsYXRpb24gLXUgcm9vdCAtcCRteXNxbHJvb3QNCiAgZXhwZWN0IFwiTmV3IHBhc3N3b3JkOlwiDQogIHNlbmQgXCJaNGJiMXg1IzJvMm9cclwiDQogIGV4cGVjdCBcIlJlLWVudGVyIG5ldyBwYXNzd29yZDpcIg0KICBzZW5kIFwiWjRiYjF4NSMybzJvXHJcIg0KICBleHBlY3QgXCJDaGFuZ2UgdGhlIHBhc3N3b3JkIGZvciByb290ID9cclwiICANCiAgc2VuZCBcIm5cclwiDQogIFJlbW92ZSBhbm9ueW1vdXMgdXNlcnM/DQogIHNlbmQgXCJ5XHJcIg0KICBEaXNhbGxvdyByb290IGxvZ2luIHJlbW90ZWx5Pw0KICBzZW5kIFwieVxyXCINCiAgUmVtb3ZlIHRlc3QgZGF0YWJhc2UgYW5kIGFjY2VzcyB0byBpdD8NCiAgc2VuZCBcInlcclwiDQogIFJlbG9hZCBwcml2aWxlZ2UgdGFibGVzIG5vdz8NCiAgc2VuZCBcInlcclwiDQogIGV4cGVjdCBlb2YNCiIpDQoNCm15c3FsIC11IHJvb3QgLXBaNGJiMXg1IzJvMm8NCmNyZWF0ZSBkYXRhYmFzZSB6YWJiaXggY2hhcmFjdGVyIHNldCB1dGY4IGNvbGxhdGUgdXRmOF9iaW47DQpjcmVhdGUgdXNlciAnemFiYml4J0AnbG9jYWxob3N0JyBpZGVudGlmaWVkIGJ5ICdDdXJzbyNaYWJiaXg1JzsNCmdyYW50IGFsbCBwcml2aWxlZ2VzIG9uIHphYmJpeC4qIHRvICd6YWJiaXgnQCdsb2NhbGhvc3QnOw0KZmx1c2ggcHJpdmlsZWdlczsNCmV4aXQNCg0KcnBtIC1pdmggaHR0cDovL3JlcG8uemFiYml4LmNvbS96YWJiaXgvNS4wL3JoZWwvOC94ODZfNjQvemFiYml4LXJlbGVhc2UtNS4wLTEuZWw4Lm5vYXJjaC5ycG0NCg0KeXVtIGNsZWFuIGFsbA0KeXVtIC15IGluc3RhbGwgemFiYml4LXNlcnZlciAtLXNraXAtYnJva2VuDQoNCnpjYXQgL3Vzci9zaGFyZS9kb2MvemFiYml4LXNlcnZlci1teXNxbC9jcmVhdGUuc3FsLmd6IHwgbXlzcWwgLXV6YWJiaXggLXAiQ3Vyc28jWmFiYml4NSINCg0Kc2VkIC1pICdzLyNEQlBhc3N3b3JkPS9EQlBhc3N3b3JkPUN1cnNvIVphYmJpeDUvZycgL2V0Yy96YWJiaXgvemFiYml4X3NlcnZlci5jb25mDQoNCnN5c3RlbWN0bCBlbmFibGUgLS1ub3cgemFiYml4LXNlcnZlcg0Kc3lzdGVtY3RsIHN0YXR1cyB6YWJiaXgtc2VydmVyDQoNCnl1bSAteSBpbnN0YWxsIHphYmJpeC13ZWItbXlzcWwgemFiYml4LWFwYWNoZS1jb25mDQoNCnNlZCAtaSAncy87IHBocF92YWx1ZVtkYXRlLnRpbWV6b25lXSA9IEV1cm9wZS9SaWdhL3BocF92YWx1ZVtkYXRlLnRpbWV6b25lXSA9IEFtZXJpY2EvU2FvX1BhdWxvL2cnIC9ldGMvcGhwLWZwbS5kL3phYmJpeC5jb25mDQoNCnN5c3RlbWN0bCBlbmFibGUgLS1ub3cgaHR0cGQgcGhwLWZwbQ0Kc3lzdGVtY3RsIHN0YXR1cyBodHRwZCBwaHAtZnBtDQoNCmZpcmV3YWxsLW9mZmxpbmUtY21kIC0tcGVybWFuZW50IC0tYWRkLXBvcnQ9MzMwNi90Y3ANCmZpcmV3YWxsLW9mZmxpbmUtY21kIC0tcGVybWFuZW50IC0tYWRkLXNlcnZpY2U9bnRwDQpmaXJld2FsbC1vZmZsaW5lLWNtZCAtLXBlcm1hbmVudCAtLWFkZC1wb3J0PTgwL3RjcA0KDQpzeXN0ZW1jdGwgZW5hYmxlICBmaXJld2FsbGQNCnN5c3RlbWN0bCByZXN0YXJ0ICBmaXJld2FsbGQ="
            },
            "preserve_boot_volume": null,
            "private_ip": "10.1.20.4",
            "public_ip": "152.67.52.218",
            "region": "sa-saopaulo-1",
            "shape": "VM.Standard.E2.1",
            "shape_config": [
              {
                "gpu_description": "",
                "gpus": 0,
                "local_disk_description": "",
                "local_disks": 0,
                "local_disks_total_size_in_gbs": 0,
                "max_vnic_attachments": 2,
                "memory_in_gbs": 8,
                "networking_bandwidth_in_gbps": 0.699999988079071,
                "ocpus": 1,
                "processor_description": "2.0 GHz AMD EPYC™ 7551 (Naples)"
              }
            ],
            "source_details": [
              {
                "boot_volume_size_in_gbs": "47",
                "kms_key_id": "",
                "source_id": "ocid1.image.oc1.sa-saopaulo-1.aaaaaaaa6wbujcvvdzq7kn7oadku6ysscxgsoacvcbp2an7cyzuoxlzy3teq",
                "source_type": "image"
              }
            ],
            "state": "RUNNING",
            "subnet_id": "ocid1.subnet.oc1.sa-saopaulo-1.aaaaaaaakutocbuze2yyabgvx4lwq7qu75ejtoge3ncooueczl6sv2oslpuq",
            "system_tags": {},
            "time_created": "2020-11-16 18:34:05.657 +0000 UTC",
            "time_maintenance_reboot_due": "",
            "timeouts": null
          },
          "private": "eyJlMmJmYjczMC1lY2FhLTExZTYtOGY4OC0zNDM2M2JjN2M0YzAiOnsiY3JlYXRlIjo3MjAwMDAwMDAwMDAwLCJkZWxldGUiOjcyMDAwMDAwMDAwMDAsInVwZGF0ZSI6NzIwMDAwMDAwMDAwMH19",
          "dependencies": [
            "data.oci_identity_availability_domain.ad",
            "oci_core_subnet.zbx_subnet"
          ]
        }
      ]
    },
    {
      "mode": "managed",
      "type": "oci_core_internet_gateway",
      "name": "zbx_internet_gateway",
      "provider": "provider[\"registry.terraform.io/hashicorp/oci\"]",
      "instances": [
        {
          "schema_version": 0,
          "attributes": {
            "compartment_id": "ocid1.compartment.oc1..aaaaaaaadre42kptwxx5jacrgjf6b5a33qavo7sowethaopbbcnqz2p532oa",
            "defined_tags": {
              "Oracle-Tags.CreatedBy": "denis.os@gmail.com",
              "Oracle-Tags.CreatedOn": "2020-11-16T12:44:24.640Z"
            },
            "display_name": "zbx_IG",
            "enabled": true,
            "freeform_tags": {},
            "id": "ocid1.internetgateway.oc1.sa-saopaulo-1.aaaaaaaah7cu2jcmcdwaunp4xrc6poj3a4x326pf3f2dtxx2qij2qmgobsza",
            "state": "AVAILABLE",
            "time_created": "2020-11-16 12:44:24.698 +0000 UTC",
            "timeouts": null,
            "vcn_id": "ocid1.vcn.oc1.sa-saopaulo-1.amaaaaaa527wpsqaoor5hmu7x672f5z34b7jf7jn3wh7ujus53skwwwtnmda"
          },
          "private": "eyJlMmJmYjczMC1lY2FhLTExZTYtOGY4OC0zNDM2M2JjN2M0YzAiOnsiY3JlYXRlIjo5MDAwMDAwMDAwMDAsImRlbGV0ZSI6OTAwMDAwMDAwMDAwLCJ1cGRhdGUiOjkwMDAwMDAwMDAwMH19",
          "dependencies": [
            "oci_core_virtual_network.zbx_vcn"
          ]
        }
      ]
    },
    {
      "mode": "managed",
      "type": "oci_core_route_table",
      "name": "zbx_route_table",
      "provider": "provider[\"registry.terraform.io/hashicorp/oci\"]",
      "instances": [
        {
          "schema_version": 0,
          "attributes": {
            "compartment_id": "ocid1.compartment.oc1..aaaaaaaadre42kptwxx5jacrgjf6b5a33qavo7sowethaopbbcnqz2p532oa",
            "defined_tags": {
              "Oracle-Tags.CreatedBy": "denis.os@gmail.com",
              "Oracle-Tags.CreatedOn": "2020-11-16T12:44:25.032Z"
            },
            "display_name": "zbx_RouteTable",
            "freeform_tags": {},
            "id": "ocid1.routetable.oc1.sa-saopaulo-1.aaaaaaaa4sahr4pmq3keihirx7fo2ekgnaidrtcidj4nurszfpy3topkjywq",
            "route_rules": [
              {
                "cidr_block": "",
                "description": "",
                "destination": "0.0.0.0/0",
                "destination_type": "CIDR_BLOCK",
                "network_entity_id": "ocid1.internetgateway.oc1.sa-saopaulo-1.aaaaaaaah7cu2jcmcdwaunp4xrc6poj3a4x326pf3f2dtxx2qij2qmgobsza"
              }
            ],
            "state": "AVAILABLE",
            "time_created": "2020-11-16 12:44:25.057 +0000 UTC",
            "timeouts": null,
            "vcn_id": "ocid1.vcn.oc1.sa-saopaulo-1.amaaaaaa527wpsqaoor5hmu7x672f5z34b7jf7jn3wh7ujus53skwwwtnmda"
          },
          "private": "eyJlMmJmYjczMC1lY2FhLTExZTYtOGY4OC0zNDM2M2JjN2M0YzAiOnsiY3JlYXRlIjo5MDAwMDAwMDAwMDAsImRlbGV0ZSI6OTAwMDAwMDAwMDAwLCJ1cGRhdGUiOjkwMDAwMDAwMDAwMH19",
          "dependencies": [
            "oci_core_internet_gateway.zbx_internet_gateway",
            "oci_core_virtual_network.zbx_vcn"
          ]
        }
      ]
    },
    {
      "mode": "managed",
      "type": "oci_core_security_list",
      "name": "zbx_security_list",
      "provider": "provider[\"registry.terraform.io/hashicorp/oci\"]",
      "instances": [
        {
          "schema_version": 0,
          "attributes": {
            "compartment_id": "ocid1.compartment.oc1..aaaaaaaadre42kptwxx5jacrgjf6b5a33qavo7sowethaopbbcnqz2p532oa",
            "defined_tags": {
              "Oracle-Tags.CreatedBy": "denis.os@gmail.com",
              "Oracle-Tags.CreatedOn": "2020-11-16T12:44:24.812Z"
            },
            "display_name": "zbx_SecurityList",
            "egress_security_rules": [
              {
                "description": "",
                "destination": "0.0.0.0/0",
                "destination_type": "CIDR_BLOCK",
                "icmp_options": [],
                "protocol": "6",
                "stateless": false,
                "tcp_options": [],
                "udp_options": []
              }
            ],
            "freeform_tags": {},
            "id": "ocid1.securitylist.oc1.sa-saopaulo-1.aaaaaaaa7pu7mjex2u37zojguvyjavptbnhefg7potuidpq5ompcjhhywq6q",
            "ingress_security_rules": [
              {
                "description": "",
                "icmp_options": [],
                "protocol": "6",
                "source": "0.0.0.0/0",
                "source_type": "CIDR_BLOCK",
                "stateless": false,
                "tcp_options": [
                  {
                    "max": 22,
                    "min": 22,
                    "source_port_range": []
                  }
                ],
                "udp_options": []
              },
              {
                "description": "",
                "icmp_options": [],
                "protocol": "6",
                "source": "0.0.0.0/0",
                "source_type": "CIDR_BLOCK",
                "stateless": false,
                "tcp_options": [
                  {
                    "max": 3000,
                    "min": 3000,
                    "source_port_range": []
                  }
                ],
                "udp_options": []
              },
              {
                "description": "",
                "icmp_options": [],
                "protocol": "6",
                "source": "0.0.0.0/0",
                "source_type": "CIDR_BLOCK",
                "stateless": false,
                "tcp_options": [
                  {
                    "max": 3005,
                    "min": 3005,
                    "source_port_range": []
                  }
                ],
                "udp_options": []
              },
              {
                "description": "",
                "icmp_options": [],
                "protocol": "6",
                "source": "0.0.0.0/0",
                "source_type": "CIDR_BLOCK",
                "stateless": false,
                "tcp_options": [
                  {
                    "max": 80,
                    "min": 80,
                    "source_port_range": []
                  }
                ],
                "udp_options": []
              }
            ],
            "state": "AVAILABLE",
            "time_created": "2020-11-16 12:44:24.834 +0000 UTC",
            "timeouts": null,
            "vcn_id": "ocid1.vcn.oc1.sa-saopaulo-1.amaaaaaa527wpsqaoor5hmu7x672f5z34b7jf7jn3wh7ujus53skwwwtnmda"
          },
          "private": "eyJlMmJmYjczMC1lY2FhLTExZTYtOGY4OC0zNDM2M2JjN2M0YzAiOnsiY3JlYXRlIjo5MDAwMDAwMDAwMDAsImRlbGV0ZSI6OTAwMDAwMDAwMDAwLCJ1cGRhdGUiOjkwMDAwMDAwMDAwMH19",
          "dependencies": [
            "oci_core_virtual_network.zbx_vcn"
          ]
        }
      ]
    },
    {
      "mode": "managed",
      "type": "oci_core_subnet",
      "name": "zbx_subnet",
      "provider": "provider[\"registry.terraform.io/hashicorp/oci\"]",
      "instances": [
        {
          "schema_version": 0,
          "attributes": {
            "availability_domain": null,
            "cidr_block": "10.1.20.0/24",
            "compartment_id": "ocid1.compartment.oc1..aaaaaaaadre42kptwxx5jacrgjf6b5a33qavo7sowethaopbbcnqz2p532oa",
            "defined_tags": {
              "Oracle-Tags.CreatedBy": "denis.os@gmail.com",
              "Oracle-Tags.CreatedOn": "2020-11-16T12:44:25.582Z"
            },
            "dhcp_options_id": "ocid1.dhcpoptions.oc1.sa-saopaulo-1.aaaaaaaai7uxt6easc6leaxe5mnjxupfrlkqnycsizkxksicsvvuso2bvlpa",
            "display_name": "zbxSubnet",
            "dns_label": "zbxsubnet",
            "freeform_tags": {},
            "id": "ocid1.subnet.oc1.sa-saopaulo-1.aaaaaaaakutocbuze2yyabgvx4lwq7qu75ejtoge3ncooueczl6sv2oslpuq",
            "ipv6cidr_block": null,
            "ipv6public_cidr_block": null,
            "ipv6virtual_router_ip": null,
            "prohibit_public_ip_on_vnic": false,
            "route_table_id": "ocid1.routetable.oc1.sa-saopaulo-1.aaaaaaaa4sahr4pmq3keihirx7fo2ekgnaidrtcidj4nurszfpy3topkjywq",
            "security_list_ids": [
              "ocid1.securitylist.oc1.sa-saopaulo-1.aaaaaaaa7pu7mjex2u37zojguvyjavptbnhefg7potuidpq5ompcjhhywq6q"
            ],
            "state": "AVAILABLE",
            "subnet_domain_name": "zbxsubnet.zbxvcn.oraclevcn.com",
            "time_created": "2020-11-16 12:44:26.053 +0000 UTC",
            "timeouts": null,
            "vcn_id": "ocid1.vcn.oc1.sa-saopaulo-1.amaaaaaa527wpsqaoor5hmu7x672f5z34b7jf7jn3wh7ujus53skwwwtnmda",
            "virtual_router_ip": "10.1.20.1",
            "virtual_router_mac": "00:00:17:93:C4:D3"
          },
          "private": "eyJlMmJmYjczMC1lY2FhLTExZTYtOGY4OC0zNDM2M2JjN2M0YzAiOnsiY3JlYXRlIjo5MDAwMDAwMDAwMDAsImRlbGV0ZSI6OTAwMDAwMDAwMDAwLCJ1cGRhdGUiOjkwMDAwMDAwMDAwMH19",
          "dependencies": [
            "oci_core_internet_gateway.zbx_internet_gateway",
            "oci_core_route_table.zbx_route_table",
            "oci_core_security_list.zbx_security_list",
            "oci_core_virtual_network.zbx_vcn"
          ]
        }
      ]
    },
    {
      "mode": "managed",
      "type": "oci_core_virtual_network",
      "name": "zbx_vcn",
      "provider": "provider[\"registry.terraform.io/hashicorp/oci\"]",
      "instances": [
        {
          "schema_version": 0,
          "attributes": {
            "cidr_block": "10.1.0.0/16",
            "compartment_id": "ocid1.compartment.oc1..aaaaaaaadre42kptwxx5jacrgjf6b5a33qavo7sowethaopbbcnqz2p532oa",
            "default_dhcp_options_id": "ocid1.dhcpoptions.oc1.sa-saopaulo-1.aaaaaaaai7uxt6easc6leaxe5mnjxupfrlkqnycsizkxksicsvvuso2bvlpa",
            "default_route_table_id": "ocid1.routetable.oc1.sa-saopaulo-1.aaaaaaaaavwogs337esly7dgkwu2gtx4ijkv3eqqnh6atox7xr2ga6wtxjia",
            "default_security_list_id": "ocid1.securitylist.oc1.sa-saopaulo-1.aaaaaaaajo7f3r2llzfjsaqxsblrxygu6ejnmxs2ymoscdxe7jlbiz4syeiq",
            "defined_tags": {
              "Oracle-Tags.CreatedBy": "denis.os@gmail.com",
              "Oracle-Tags.CreatedOn": "2020-11-16T12:44:23.977Z"
            },
            "display_name": "zbxVCN",
            "dns_label": "zbxvcn",
            "freeform_tags": {},
            "id": "ocid1.vcn.oc1.sa-saopaulo-1.amaaaaaa527wpsqaoor5hmu7x672f5z34b7jf7jn3wh7ujus53skwwwtnmda",
            "ipv6cidr_block": null,
            "ipv6public_cidr_block": null,
            "is_ipv6enabled": null,
            "state": "AVAILABLE",
            "time_created": "2020-11-16 12:44:23.979 +0000 UTC",
            "timeouts": null,
            "vcn_domain_name": "zbxvcn.oraclevcn.com"
          },
          "private": "eyJlMmJmYjczMC1lY2FhLTExZTYtOGY4OC0zNDM2M2JjN2M0YzAiOnsiY3JlYXRlIjo5MDAwMDAwMDAwMDAsImRlbGV0ZSI6OTAwMDAwMDAwMDAwLCJ1cGRhdGUiOjkwMDAwMDAwMDAwMH19"
        }
      ]
    }
  ]
}
